// !$*UTF8*$!
{
	archiveVersion = 1;
	classes = {
	};
	objectVersion = 56;
	objects = {

/* Begin PBXBuildFile section */
		514FC1C52935F06F00118912 /* AppDelegate.swift in Sources */ = {isa = PBXBuildFile; fileRef = 514FC1C42935F06F00118912 /* AppDelegate.swift */; };
		514FC1C72935F06F00118912 /* SceneDelegate.swift in Sources */ = {isa = PBXBuildFile; fileRef = 514FC1C62935F06F00118912 /* SceneDelegate.swift */; };
		514FC1C92935F06F00118912 /* ViewController.swift in Sources */ = {isa = PBXBuildFile; fileRef = 514FC1C82935F06F00118912 /* ViewController.swift */; };
		514FC1CC2935F06F00118912 /* Main.storyboard in Resources */ = {isa = PBXBuildFile; fileRef = 514FC1CA2935F06F00118912 /* Main.storyboard */; };
		514FC1CE2935F07100118912 /* Assets.xcassets in Resources */ = {isa = PBXBuildFile; fileRef = 514FC1CD2935F07100118912 /* Assets.xcassets */; };
		514FC1EC29360AAB00118912 /* ESRefractionExamSetupUITests.swift in Sources */ = {isa = PBXBuildFile; fileRef = 514FC1EB29360AAB00118912 /* ESRefractionExamSetupUITests.swift */; };
		514FC1EE29360AAB00118912 /* ESRefractionExamSetupUITestsLaunchTests.swift in Sources */ = {isa = PBXBuildFile; fileRef = 514FC1ED29360AAB00118912 /* ESRefractionExamSetupUITestsLaunchTests.swift */; };
		514FC1F5293733FF00118912 /* MotionServiceTests.swift in Sources */ = {isa = PBXBuildFile; fileRef = 514FC1F4293733FF00118912 /* MotionServiceTests.swift */; };
		514FC1F72937380700118912 /* MotionService.swift in Sources */ = {isa = PBXBuildFile; fileRef = 514FC1F62937380700118912 /* MotionService.swift */; };
		514FC1F9293738BD00118912 /* MotionServiceError.swift in Sources */ = {isa = PBXBuildFile; fileRef = 514FC1F8293738BD00118912 /* MotionServiceError.swift */; };
		514FC1FB29374E4E00118912 /* MockMotionService.swift in Sources */ = {isa = PBXBuildFile; fileRef = 514FC1FA29374E4E00118912 /* MockMotionService.swift */; };
		514FC1FD29374E7200118912 /* MotionServiceProtocol.swift in Sources */ = {isa = PBXBuildFile; fileRef = 514FC1FC29374E7200118912 /* MotionServiceProtocol.swift */; };
		514FC1FF2937667400118912 /* MotionSettings.swift in Sources */ = {isa = PBXBuildFile; fileRef = 514FC1FE2937667400118912 /* MotionSettings.swift */; };
		514FC2012937D94800118912 /* MockMotionManager.swift in Sources */ = {isa = PBXBuildFile; fileRef = 514FC2002937D94800118912 /* MockMotionManager.swift */; };
		514FC204293889F600118912 /* ViewModelTests.swift in Sources */ = {isa = PBXBuildFile; fileRef = 514FC203293889F600118912 /* ViewModelTests.swift */; };
		514FC2062938936300118912 /* ViewModel.swift in Sources */ = {isa = PBXBuildFile; fileRef = 514FC2052938936300118912 /* ViewModel.swift */; };
		51BC878D2938CE2800A932D8 /* FaceDetectionServiceTests.swift in Sources */ = {isa = PBXBuildFile; fileRef = 51BC878C2938CE2800A932D8 /* FaceDetectionServiceTests.swift */; };
		51BC878F2938F86300A932D8 /* FaceDetectionService.swift in Sources */ = {isa = PBXBuildFile; fileRef = 51BC878E2938F86300A932D8 /* FaceDetectionService.swift */; };
		51BC87912938F8F900A932D8 /* FaceDetectionServiceError.swift in Sources */ = {isa = PBXBuildFile; fileRef = 51BC87902938F8F900A932D8 /* FaceDetectionServiceError.swift */; };
		51BC87952938FDA800A932D8 /* FaceDetector.swift in Sources */ = {isa = PBXBuildFile; fileRef = 51BC87942938FDA800A932D8 /* FaceDetector.swift */; };
		51BC879729390F6D00A932D8 /* FaceDetectorProtocol.swift in Sources */ = {isa = PBXBuildFile; fileRef = 51BC879629390F6D00A932D8 /* FaceDetectorProtocol.swift */; };
		51BC87992939103100A932D8 /* MockFaceDetector.swift in Sources */ = {isa = PBXBuildFile; fileRef = 51BC87982939103100A932D8 /* MockFaceDetector.swift */; };
		51BC879D293BABCE00A932D8 /* FaceDetectionResult.swift in Sources */ = {isa = PBXBuildFile; fileRef = 51BC879C293BABCE00A932D8 /* FaceDetectionResult.swift */; };
		51BC87A1293BC5CF00A932D8 /* ViewModelDelegateProtocol.swift in Sources */ = {isa = PBXBuildFile; fileRef = 51BC87A0293BC5CF00A932D8 /* ViewModelDelegateProtocol.swift */; };
		51BC87A3293BC6D800A932D8 /* MockViewModelDelegate.swift in Sources */ = {isa = PBXBuildFile; fileRef = 51BC87A2293BC6D800A932D8 /* MockViewModelDelegate.swift */; };
		51BC87A5293C8C9000A932D8 /* FaceDetectionSettings.swift in Sources */ = {isa = PBXBuildFile; fileRef = 51BC87A4293C8C9000A932D8 /* FaceDetectionSettings.swift */; };
		51BC87A8293CB40B00A932D8 /* Localizable.strings in Resources */ = {isa = PBXBuildFile; fileRef = 51BC87AA293CB40B00A932D8 /* Localizable.strings */; };
		51BC87AD293CB46000A932D8 /* SetupStrings.swift in Sources */ = {isa = PBXBuildFile; fileRef = 51BC87AC293CB46000A932D8 /* SetupStrings.swift */; };
		51BC87CC293CBBA900A932D8 /* ViewModelState.swift in Sources */ = {isa = PBXBuildFile; fileRef = 51BC87CB293CBBA900A932D8 /* ViewModelState.swift */; };
		51BC87D0293CCFD800A932D8 /* ViewDetails.swift in Sources */ = {isa = PBXBuildFile; fileRef = 51BC87CF293CCFD800A932D8 /* ViewDetails.swift */; };
		51BC87DA293D26E800A932D8 /* AlertService.swift in Sources */ = {isa = PBXBuildFile; fileRef = 51BC87D9293D26E800A932D8 /* AlertService.swift */; };
		51BC87DC293D27C400A932D8 /* LaunchScreen.storyboard in Resources */ = {isa = PBXBuildFile; fileRef = 51BC87DB293D27C400A932D8 /* LaunchScreen.storyboard */; };
		51BC87DE293DD56400A932D8 /* SetupServiceProtocol.swift in Sources */ = {isa = PBXBuildFile; fileRef = 51BC87DD293DD56400A932D8 /* SetupServiceProtocol.swift */; };
/* End PBXBuildFile section */

/* Begin PBXContainerItemProxy section */
		514FC1E029360A9F00118912 /* PBXContainerItemProxy */ = {
			isa = PBXContainerItemProxy;
			containerPortal = 514FC1B92935F06F00118912 /* Project object */;
			proxyType = 1;
			remoteGlobalIDString = 514FC1C02935F06F00118912;
			remoteInfo = ESRefractionExamSetup;
		};
		514FC1EF29360AAB00118912 /* PBXContainerItemProxy */ = {
			isa = PBXContainerItemProxy;
			containerPortal = 514FC1B92935F06F00118912 /* Project object */;
			proxyType = 1;
			remoteGlobalIDString = 514FC1C02935F06F00118912;
			remoteInfo = ESRefractionExamSetup;
		};
/* End PBXContainerItemProxy section */

/* Begin PBXFileReference section */
		514FC1C12935F06F00118912 /* ESRefractionExamSetup.app */ = {isa = PBXFileReference; explicitFileType = wrapper.application; includeInIndex = 0; path = ESRefractionExamSetup.app; sourceTree = BUILT_PRODUCTS_DIR; };
		514FC1C42935F06F00118912 /* AppDelegate.swift */ = {isa = PBXFileReference; lastKnownFileType = sourcecode.swift; path = AppDelegate.swift; sourceTree = "<group>"; };
		514FC1C62935F06F00118912 /* SceneDelegate.swift */ = {isa = PBXFileReference; lastKnownFileType = sourcecode.swift; path = SceneDelegate.swift; sourceTree = "<group>"; };
		514FC1C82935F06F00118912 /* ViewController.swift */ = {isa = PBXFileReference; lastKnownFileType = sourcecode.swift; path = ViewController.swift; sourceTree = "<group>"; };
		514FC1CB2935F06F00118912 /* Base */ = {isa = PBXFileReference; lastKnownFileType = file.storyboard; name = Base; path = Base.lproj/Main.storyboard; sourceTree = "<group>"; };
		514FC1CD2935F07100118912 /* Assets.xcassets */ = {isa = PBXFileReference; lastKnownFileType = folder.assetcatalog; path = Assets.xcassets; sourceTree = "<group>"; };
		514FC1D22935F07100118912 /* Info.plist */ = {isa = PBXFileReference; lastKnownFileType = text.plist.xml; path = Info.plist; sourceTree = "<group>"; };
		514FC1DC29360A9F00118912 /* ESRefractionExamSetupTests.xctest */ = {isa = PBXFileReference; explicitFileType = wrapper.cfbundle; includeInIndex = 0; path = ESRefractionExamSetupTests.xctest; sourceTree = BUILT_PRODUCTS_DIR; };
		514FC1E929360AAB00118912 /* ESRefractionExamSetupUITests.xctest */ = {isa = PBXFileReference; explicitFileType = wrapper.cfbundle; includeInIndex = 0; path = ESRefractionExamSetupUITests.xctest; sourceTree = BUILT_PRODUCTS_DIR; };
		514FC1EB29360AAB00118912 /* ESRefractionExamSetupUITests.swift */ = {isa = PBXFileReference; lastKnownFileType = sourcecode.swift; path = ESRefractionExamSetupUITests.swift; sourceTree = "<group>"; };
		514FC1ED29360AAB00118912 /* ESRefractionExamSetupUITestsLaunchTests.swift */ = {isa = PBXFileReference; lastKnownFileType = sourcecode.swift; path = ESRefractionExamSetupUITestsLaunchTests.swift; sourceTree = "<group>"; };
		514FC1F4293733FF00118912 /* MotionServiceTests.swift */ = {isa = PBXFileReference; lastKnownFileType = sourcecode.swift; path = MotionServiceTests.swift; sourceTree = "<group>"; };
		514FC1F62937380700118912 /* MotionService.swift */ = {isa = PBXFileReference; lastKnownFileType = sourcecode.swift; path = MotionService.swift; sourceTree = "<group>"; };
		514FC1F8293738BD00118912 /* MotionServiceError.swift */ = {isa = PBXFileReference; lastKnownFileType = sourcecode.swift; path = MotionServiceError.swift; sourceTree = "<group>"; };
		514FC1FA29374E4E00118912 /* MockMotionService.swift */ = {isa = PBXFileReference; lastKnownFileType = sourcecode.swift; path = MockMotionService.swift; sourceTree = "<group>"; };
		514FC1FC29374E7200118912 /* MotionServiceProtocol.swift */ = {isa = PBXFileReference; lastKnownFileType = sourcecode.swift; path = MotionServiceProtocol.swift; sourceTree = "<group>"; };
		514FC1FE2937667400118912 /* MotionSettings.swift */ = {isa = PBXFileReference; lastKnownFileType = sourcecode.swift; path = MotionSettings.swift; sourceTree = "<group>"; };
		514FC2002937D94800118912 /* MockMotionManager.swift */ = {isa = PBXFileReference; lastKnownFileType = sourcecode.swift; path = MockMotionManager.swift; sourceTree = "<group>"; };
		514FC203293889F600118912 /* ViewModelTests.swift */ = {isa = PBXFileReference; lastKnownFileType = sourcecode.swift; path = ViewModelTests.swift; sourceTree = "<group>"; };
		514FC2052938936300118912 /* ViewModel.swift */ = {isa = PBXFileReference; lastKnownFileType = sourcecode.swift; path = ViewModel.swift; sourceTree = "<group>"; };
		51BC878C2938CE2800A932D8 /* FaceDetectionServiceTests.swift */ = {isa = PBXFileReference; lastKnownFileType = sourcecode.swift; path = FaceDetectionServiceTests.swift; sourceTree = "<group>"; };
		51BC878E2938F86300A932D8 /* FaceDetectionService.swift */ = {isa = PBXFileReference; lastKnownFileType = sourcecode.swift; path = FaceDetectionService.swift; sourceTree = "<group>"; };
		51BC87902938F8F900A932D8 /* FaceDetectionServiceError.swift */ = {isa = PBXFileReference; lastKnownFileType = sourcecode.swift; path = FaceDetectionServiceError.swift; sourceTree = "<group>"; };
		51BC87942938FDA800A932D8 /* FaceDetector.swift */ = {isa = PBXFileReference; lastKnownFileType = sourcecode.swift; path = FaceDetector.swift; sourceTree = "<group>"; };
		51BC879629390F6D00A932D8 /* FaceDetectorProtocol.swift */ = {isa = PBXFileReference; lastKnownFileType = sourcecode.swift; path = FaceDetectorProtocol.swift; sourceTree = "<group>"; };
		51BC87982939103100A932D8 /* MockFaceDetector.swift */ = {isa = PBXFileReference; lastKnownFileType = sourcecode.swift; path = MockFaceDetector.swift; sourceTree = "<group>"; };
		51BC879C293BABCE00A932D8 /* FaceDetectionResult.swift */ = {isa = PBXFileReference; lastKnownFileType = sourcecode.swift; path = FaceDetectionResult.swift; sourceTree = "<group>"; };
		51BC87A0293BC5CF00A932D8 /* ViewModelDelegateProtocol.swift */ = {isa = PBXFileReference; lastKnownFileType = sourcecode.swift; path = ViewModelDelegateProtocol.swift; sourceTree = "<group>"; };
		51BC87A2293BC6D800A932D8 /* MockViewModelDelegate.swift */ = {isa = PBXFileReference; lastKnownFileType = sourcecode.swift; path = MockViewModelDelegate.swift; sourceTree = "<group>"; };
		51BC87A4293C8C9000A932D8 /* FaceDetectionSettings.swift */ = {isa = PBXFileReference; lastKnownFileType = sourcecode.swift; path = FaceDetectionSettings.swift; sourceTree = "<group>"; };
		51BC87A9293CB40B00A932D8 /* en */ = {isa = PBXFileReference; lastKnownFileType = text.plist.strings; name = en; path = en.lproj/Localizable.strings; sourceTree = "<group>"; };
		51BC87AB293CB43800A932D8 /* he */ = {isa = PBXFileReference; lastKnownFileType = text.plist.strings; name = he; path = he.lproj/Localizable.strings; sourceTree = "<group>"; };
		51BC87AC293CB46000A932D8 /* SetupStrings.swift */ = {isa = PBXFileReference; lastKnownFileType = sourcecode.swift; path = SetupStrings.swift; sourceTree = "<group>"; };
		51BC87CB293CBBA900A932D8 /* ViewModelState.swift */ = {isa = PBXFileReference; lastKnownFileType = sourcecode.swift; path = ViewModelState.swift; sourceTree = "<group>"; };
		51BC87CF293CCFD800A932D8 /* ViewDetails.swift */ = {isa = PBXFileReference; lastKnownFileType = sourcecode.swift; path = ViewDetails.swift; sourceTree = "<group>"; };
		51BC87D9293D26E800A932D8 /* AlertService.swift */ = {isa = PBXFileReference; lastKnownFileType = sourcecode.swift; path = AlertService.swift; sourceTree = "<group>"; };
		51BC87DB293D27C400A932D8 /* LaunchScreen.storyboard */ = {isa = PBXFileReference; lastKnownFileType = file.storyboard; path = LaunchScreen.storyboard; sourceTree = "<group>"; };
		51BC87DD293DD56400A932D8 /* SetupServiceProtocol.swift */ = {isa = PBXFileReference; lastKnownFileType = sourcecode.swift; path = SetupServiceProtocol.swift; sourceTree = "<group>"; };
/* End PBXFileReference section */

/* Begin PBXFrameworksBuildPhase section */
		514FC1BE2935F06F00118912 /* Frameworks */ = {
			isa = PBXFrameworksBuildPhase;
			buildActionMask = 2147483647;
			files = (
			);
			runOnlyForDeploymentPostprocessing = 0;
		};
		514FC1D929360A9F00118912 /* Frameworks */ = {
			isa = PBXFrameworksBuildPhase;
			buildActionMask = 2147483647;
			files = (
			);
			runOnlyForDeploymentPostprocessing = 0;
		};
		514FC1E629360AAB00118912 /* Frameworks */ = {
			isa = PBXFrameworksBuildPhase;
			buildActionMask = 2147483647;
			files = (
			);
			runOnlyForDeploymentPostprocessing = 0;
		};
/* End PBXFrameworksBuildPhase section */

/* Begin PBXGroup section */
		514FC1B82935F06F00118912 = {
			isa = PBXGroup;
			children = (
				514FC1C32935F06F00118912 /* ESRefractionExamSetup */,
				514FC1DD29360A9F00118912 /* ESRefractionExamSetupTests */,
				514FC1EA29360AAB00118912 /* ESRefractionExamSetupUITests */,
				514FC1C22935F06F00118912 /* Products */,
			);
			sourceTree = "<group>";
		};
		514FC1C22935F06F00118912 /* Products */ = {
			isa = PBXGroup;
			children = (
				514FC1C12935F06F00118912 /* ESRefractionExamSetup.app */,
				514FC1DC29360A9F00118912 /* ESRefractionExamSetupTests.xctest */,
				514FC1E929360AAB00118912 /* ESRefractionExamSetupUITests.xctest */,
			);
			name = Products;
			sourceTree = "<group>";
		};
		514FC1C32935F06F00118912 /* ESRefractionExamSetup */ = {
			isa = PBXGroup;
			children = (
				514FC1C42935F06F00118912 /* AppDelegate.swift */,
				514FC1C62935F06F00118912 /* SceneDelegate.swift */,
				51BC87E1293DE0C100A932D8 /* Model */,
				51BC87D1293D187400A932D8 /* View */,
				51BC879F293BC3A700A932D8 /* ViewModel */,
				51BC87AE293CB47800A932D8 /* Localization */,
				514FC1D22935F07100118912 /* Info.plist */,
				514FC1CD2935F07100118912 /* Assets.xcassets */,
				51BC87D9293D26E800A932D8 /* AlertService.swift */,
			);
			path = ESRefractionExamSetup;
			sourceTree = "<group>";
		};
		514FC1DD29360A9F00118912 /* ESRefractionExamSetupTests */ = {
			isa = PBXGroup;
			children = (
				51BC879E293BBD3B00A932D8 /* ViewModelTests */,
				51BC878B2938CE0300A932D8 /* FaceDetectionServiceTests */,
				514FC202293889C400118912 /* MotionServiceTests */,
			);
			path = ESRefractionExamSetupTests;
			sourceTree = "<group>";
		};
		514FC1EA29360AAB00118912 /* ESRefractionExamSetupUITests */ = {
			isa = PBXGroup;
			children = (
				514FC1EB29360AAB00118912 /* ESRefractionExamSetupUITests.swift */,
				514FC1ED29360AAB00118912 /* ESRefractionExamSetupUITestsLaunchTests.swift */,
			);
			path = ESRefractionExamSetupUITests;
			sourceTree = "<group>";
		};
		514FC202293889C400118912 /* MotionServiceTests */ = {
			isa = PBXGroup;
			children = (
				514FC1FA29374E4E00118912 /* MockMotionService.swift */,
				514FC2002937D94800118912 /* MockMotionManager.swift */,
				514FC1F4293733FF00118912 /* MotionServiceTests.swift */,
			);
			path = MotionServiceTests;
			sourceTree = "<group>";
		};
		51BC878B2938CE0300A932D8 /* FaceDetectionServiceTests */ = {
			isa = PBXGroup;
			children = (
				51BC87982939103100A932D8 /* MockFaceDetector.swift */,
				51BC878C2938CE2800A932D8 /* FaceDetectionServiceTests.swift */,
			);
			path = FaceDetectionServiceTests;
			sourceTree = "<group>";
		};
		51BC87922938F92400A932D8 /* MotionService */ = {
			isa = PBXGroup;
			children = (
				514FC1FC29374E7200118912 /* MotionServiceProtocol.swift */,
				514FC1F8293738BD00118912 /* MotionServiceError.swift */,
				514FC1FE2937667400118912 /* MotionSettings.swift */,
				514FC1F62937380700118912 /* MotionService.swift */,
			);
			path = MotionService;
			sourceTree = "<group>";
		};
		51BC87932938F94100A932D8 /* FaceDetectionService */ = {
			isa = PBXGroup;
			children = (
				51BC87A4293C8C9000A932D8 /* FaceDetectionSettings.swift */,
				51BC87902938F8F900A932D8 /* FaceDetectionServiceError.swift */,
				51BC878E2938F86300A932D8 /* FaceDetectionService.swift */,
				51BC87942938FDA800A932D8 /* FaceDetector.swift */,
				51BC879629390F6D00A932D8 /* FaceDetectorProtocol.swift */,
				51BC879C293BABCE00A932D8 /* FaceDetectionResult.swift */,
			);
			path = FaceDetectionService;
			sourceTree = "<group>";
		};
		51BC879E293BBD3B00A932D8 /* ViewModelTests */ = {
			isa = PBXGroup;
			children = (
				51BC87A2293BC6D800A932D8 /* MockViewModelDelegate.swift */,
				514FC203293889F600118912 /* ViewModelTests.swift */,
			);
			path = ViewModelTests;
			sourceTree = "<group>";
		};
		51BC879F293BC3A700A932D8 /* ViewModel */ = {
			isa = PBXGroup;
			children = (
				51BC87A0293BC5CF00A932D8 /* ViewModelDelegateProtocol.swift */,
				51BC87CF293CCFD800A932D8 /* ViewDetails.swift */,
				51BC87CB293CBBA900A932D8 /* ViewModelState.swift */,
				514FC2052938936300118912 /* ViewModel.swift */,
			);
			path = ViewModel;
			sourceTree = "<group>";
		};
		51BC87AE293CB47800A932D8 /* Localization */ = {
			isa = PBXGroup;
			children = (
				51BC87AC293CB46000A932D8 /* SetupStrings.swift */,
				51BC87AA293CB40B00A932D8 /* Localizable.strings */,
			);
			path = Localization;
			sourceTree = "<group>";
		};
		51BC87D1293D187400A932D8 /* View */ = {
			isa = PBXGroup;
			children = (
				51BC87D3293D188700A932D8 /* ViewControllers */,
				51BC87D2293D187C00A932D8 /* Storyboards */,
			);
			path = View;
			sourceTree = "<group>";
		};
		51BC87D2293D187C00A932D8 /* Storyboards */ = {
			isa = PBXGroup;
			children = (
				514FC1CA2935F06F00118912 /* Main.storyboard */,
				51BC87DB293D27C400A932D8 /* LaunchScreen.storyboard */,
			);
			path = Storyboards;
			sourceTree = "<group>";
		};
		51BC87D3293D188700A932D8 /* ViewControllers */ = {
			isa = PBXGroup;
			children = (
				514FC1C82935F06F00118912 /* ViewController.swift */,
			);
			path = ViewControllers;
			sourceTree = "<group>";
		};
		51BC87E1293DE0C100A932D8 /* Model */ = {
			isa = PBXGroup;
			children = (
				51BC87DD293DD56400A932D8 /* SetupServiceProtocol.swift */,
				51BC87922938F92400A932D8 /* MotionService */,
				51BC87932938F94100A932D8 /* FaceDetectionService */,
			);
			path = Model;
			sourceTree = "<group>";
		};
/* End PBXGroup section */

/* Begin PBXNativeTarget section */
		514FC1C02935F06F00118912 /* ESRefractionExamSetup */ = {
			isa = PBXNativeTarget;
			buildConfigurationList = 514FC1D52935F07100118912 /* Build configuration list for PBXNativeTarget "ESRefractionExamSetup" */;
			buildPhases = (
				514FC1BD2935F06F00118912 /* Sources */,
				514FC1BE2935F06F00118912 /* Frameworks */,
				514FC1BF2935F06F00118912 /* Resources */,
			);
			buildRules = (
			);
			dependencies = (
			);
			name = ESRefractionExamSetup;
			productName = ESRefractionExamSetup;
			productReference = 514FC1C12935F06F00118912 /* ESRefractionExamSetup.app */;
			productType = "com.apple.product-type.application";
		};
		514FC1DB29360A9F00118912 /* ESRefractionExamSetupTests */ = {
			isa = PBXNativeTarget;
			buildConfigurationList = 514FC1E229360A9F00118912 /* Build configuration list for PBXNativeTarget "ESRefractionExamSetupTests" */;
			buildPhases = (
				514FC1D829360A9F00118912 /* Sources */,
				514FC1D929360A9F00118912 /* Frameworks */,
				514FC1DA29360A9F00118912 /* Resources */,
			);
			buildRules = (
			);
			dependencies = (
				514FC1E129360A9F00118912 /* PBXTargetDependency */,
			);
			name = ESRefractionExamSetupTests;
			productName = ESRefractionExamSetupTests;
			productReference = 514FC1DC29360A9F00118912 /* ESRefractionExamSetupTests.xctest */;
			productType = "com.apple.product-type.bundle.unit-test";
		};
		514FC1E829360AAB00118912 /* ESRefractionExamSetupUITests */ = {
			isa = PBXNativeTarget;
			buildConfigurationList = 514FC1F129360AAB00118912 /* Build configuration list for PBXNativeTarget "ESRefractionExamSetupUITests" */;
			buildPhases = (
				514FC1E529360AAB00118912 /* Sources */,
				514FC1E629360AAB00118912 /* Frameworks */,
				514FC1E729360AAB00118912 /* Resources */,
			);
			buildRules = (
			);
			dependencies = (
				514FC1F029360AAB00118912 /* PBXTargetDependency */,
			);
			name = ESRefractionExamSetupUITests;
			productName = ESRefractionExamSetupUITests;
			productReference = 514FC1E929360AAB00118912 /* ESRefractionExamSetupUITests.xctest */;
			productType = "com.apple.product-type.bundle.ui-testing";
		};
/* End PBXNativeTarget section */

/* Begin PBXProject section */
		514FC1B92935F06F00118912 /* Project object */ = {
			isa = PBXProject;
			attributes = {
				BuildIndependentTargetsInParallel = 1;
				LastSwiftUpdateCheck = 1410;
				LastUpgradeCheck = 1410;
				TargetAttributes = {
					514FC1C02935F06F00118912 = {
						CreatedOnToolsVersion = 14.1;
					};
					514FC1DB29360A9F00118912 = {
						CreatedOnToolsVersion = 14.1;
						TestTargetID = 514FC1C02935F06F00118912;
					};
					514FC1E829360AAB00118912 = {
						CreatedOnToolsVersion = 14.1;
						TestTargetID = 514FC1C02935F06F00118912;
					};
				};
			};
			buildConfigurationList = 514FC1BC2935F06F00118912 /* Build configuration list for PBXProject "ESRefractionExamSetup" */;
			compatibilityVersion = "Xcode 14.0";
			developmentRegion = en;
			hasScannedForEncodings = 0;
			knownRegions = (
				en,
				Base,
				he,
			);
			mainGroup = 514FC1B82935F06F00118912;
			productRefGroup = 514FC1C22935F06F00118912 /* Products */;
			projectDirPath = "";
			projectRoot = "";
			targets = (
				514FC1C02935F06F00118912 /* ESRefractionExamSetup */,
				514FC1DB29360A9F00118912 /* ESRefractionExamSetupTests */,
				514FC1E829360AAB00118912 /* ESRefractionExamSetupUITests */,
			);
		};
/* End PBXProject section */

/* Begin PBXResourcesBuildPhase section */
		514FC1BF2935F06F00118912 /* Resources */ = {
			isa = PBXResourcesBuildPhase;
			buildActionMask = 2147483647;
			files = (
				51BC87A8293CB40B00A932D8 /* Localizable.strings in Resources */,
				51BC87DC293D27C400A932D8 /* LaunchScreen.storyboard in Resources */,
				514FC1CE2935F07100118912 /* Assets.xcassets in Resources */,
				514FC1CC2935F06F00118912 /* Main.storyboard in Resources */,
			);
			runOnlyForDeploymentPostprocessing = 0;
		};
		514FC1DA29360A9F00118912 /* Resources */ = {
			isa = PBXResourcesBuildPhase;
			buildActionMask = 2147483647;
			files = (
			);
			runOnlyForDeploymentPostprocessing = 0;
		};
		514FC1E729360AAB00118912 /* Resources */ = {
			isa = PBXResourcesBuildPhase;
			buildActionMask = 2147483647;
			files = (
			);
			runOnlyForDeploymentPostprocessing = 0;
		};
/* End PBXResourcesBuildPhase section */

/* Begin PBXSourcesBuildPhase section */
		514FC1BD2935F06F00118912 /* Sources */ = {
			isa = PBXSourcesBuildPhase;
			buildActionMask = 2147483647;
			files = (
				51BC879729390F6D00A932D8 /* FaceDetectorProtocol.swift in Sources */,
				514FC1C92935F06F00118912 /* ViewController.swift in Sources */,
				51BC87CC293CBBA900A932D8 /* ViewModelState.swift in Sources */,
				51BC87952938FDA800A932D8 /* FaceDetector.swift in Sources */,
				51BC87A5293C8C9000A932D8 /* FaceDetectionSettings.swift in Sources */,
				514FC1F72937380700118912 /* MotionService.swift in Sources */,
				514FC1F9293738BD00118912 /* MotionServiceError.swift in Sources */,
				51BC87A1293BC5CF00A932D8 /* ViewModelDelegateProtocol.swift in Sources */,
				51BC878F2938F86300A932D8 /* FaceDetectionService.swift in Sources */,
				51BC879D293BABCE00A932D8 /* FaceDetectionResult.swift in Sources */,
				514FC1FD29374E7200118912 /* MotionServiceProtocol.swift in Sources */,
				51BC87D0293CCFD800A932D8 /* ViewDetails.swift in Sources */,
				51BC87DA293D26E800A932D8 /* AlertService.swift in Sources */,
				514FC1C52935F06F00118912 /* AppDelegate.swift in Sources */,
				514FC1C72935F06F00118912 /* SceneDelegate.swift in Sources */,
				514FC2062938936300118912 /* ViewModel.swift in Sources */,
				514FC1FF2937667400118912 /* MotionSettings.swift in Sources */,
				51BC87912938F8F900A932D8 /* FaceDetectionServiceError.swift in Sources */,
				51BC87AD293CB46000A932D8 /* SetupStrings.swift in Sources */,
				51BC87DE293DD56400A932D8 /* SetupServiceProtocol.swift in Sources */,
			);
			runOnlyForDeploymentPostprocessing = 0;
		};
		514FC1D829360A9F00118912 /* Sources */ = {
			isa = PBXSourcesBuildPhase;
			buildActionMask = 2147483647;
			files = (
				514FC2012937D94800118912 /* MockMotionManager.swift in Sources */,
				514FC1FB29374E4E00118912 /* MockMotionService.swift in Sources */,
				514FC204293889F600118912 /* ViewModelTests.swift in Sources */,
				51BC87A3293BC6D800A932D8 /* MockViewModelDelegate.swift in Sources */,
				514FC1F5293733FF00118912 /* MotionServiceTests.swift in Sources */,
				51BC87992939103100A932D8 /* MockFaceDetector.swift in Sources */,
				51BC878D2938CE2800A932D8 /* FaceDetectionServiceTests.swift in Sources */,
			);
			runOnlyForDeploymentPostprocessing = 0;
		};
		514FC1E529360AAB00118912 /* Sources */ = {
			isa = PBXSourcesBuildPhase;
			buildActionMask = 2147483647;
			files = (
				514FC1EE29360AAB00118912 /* ESRefractionExamSetupUITestsLaunchTests.swift in Sources */,
				514FC1EC29360AAB00118912 /* ESRefractionExamSetupUITests.swift in Sources */,
			);
			runOnlyForDeploymentPostprocessing = 0;
		};
/* End PBXSourcesBuildPhase section */

/* Begin PBXTargetDependency section */
		514FC1E129360A9F00118912 /* PBXTargetDependency */ = {
			isa = PBXTargetDependency;
			target = 514FC1C02935F06F00118912 /* ESRefractionExamSetup */;
			targetProxy = 514FC1E029360A9F00118912 /* PBXContainerItemProxy */;
		};
		514FC1F029360AAB00118912 /* PBXTargetDependency */ = {
			isa = PBXTargetDependency;
			target = 514FC1C02935F06F00118912 /* ESRefractionExamSetup */;
			targetProxy = 514FC1EF29360AAB00118912 /* PBXContainerItemProxy */;
		};
/* End PBXTargetDependency section */

/* Begin PBXVariantGroup section */
		514FC1CA2935F06F00118912 /* Main.storyboard */ = {
			isa = PBXVariantGroup;
			children = (
				514FC1CB2935F06F00118912 /* Base */,
			);
			name = Main.storyboard;
			sourceTree = "<group>";
		};
		51BC87AA293CB40B00A932D8 /* Localizable.strings */ = {
			isa = PBXVariantGroup;
			children = (
				51BC87A9293CB40B00A932D8 /* en */,
				51BC87AB293CB43800A932D8 /* he */,
			);
			name = Localizable.strings;
			sourceTree = "<group>";
		};
/* End PBXVariantGroup section */

/* Begin XCBuildConfiguration section */
		514FC1D32935F07100118912 /* Debug */ = {
			isa = XCBuildConfiguration;
			buildSettings = {
				ALWAYS_SEARCH_USER_PATHS = NO;
				CLANG_ANALYZER_LOCALIZABILITY_NONLOCALIZED = YES;
				CLANG_ANALYZER_NONNULL = YES;
				CLANG_ANALYZER_NUMBER_OBJECT_CONVERSION = YES_AGGRESSIVE;
				CLANG_CXX_LANGUAGE_STANDARD = "gnu++20";
				CLANG_ENABLE_MODULES = YES;
				CLANG_ENABLE_OBJC_ARC = YES;
				CLANG_ENABLE_OBJC_WEAK = YES;
				CLANG_WARN_BLOCK_CAPTURE_AUTORELEASING = YES;
				CLANG_WARN_BOOL_CONVERSION = YES;
				CLANG_WARN_COMMA = YES;
				CLANG_WARN_CONSTANT_CONVERSION = YES;
				CLANG_WARN_DEPRECATED_OBJC_IMPLEMENTATIONS = YES;
				CLANG_WARN_DIRECT_OBJC_ISA_USAGE = YES_ERROR;
				CLANG_WARN_DOCUMENTATION_COMMENTS = YES;
				CLANG_WARN_EMPTY_BODY = YES;
				CLANG_WARN_ENUM_CONVERSION = YES;
				CLANG_WARN_INFINITE_RECURSION = YES;
				CLANG_WARN_INT_CONVERSION = YES;
				CLANG_WARN_NON_LITERAL_NULL_CONVERSION = YES;
				CLANG_WARN_OBJC_IMPLICIT_RETAIN_SELF = YES;
				CLANG_WARN_OBJC_LITERAL_CONVERSION = YES;
				CLANG_WARN_OBJC_ROOT_CLASS = YES_ERROR;
				CLANG_WARN_QUOTED_INCLUDE_IN_FRAMEWORK_HEADER = YES;
				CLANG_WARN_RANGE_LOOP_ANALYSIS = YES;
				CLANG_WARN_STRICT_PROTOTYPES = YES;
				CLANG_WARN_SUSPICIOUS_MOVE = YES;
				CLANG_WARN_UNGUARDED_AVAILABILITY = YES_AGGRESSIVE;
				CLANG_WARN_UNREACHABLE_CODE = YES;
				CLANG_WARN__DUPLICATE_METHOD_MATCH = YES;
				COPY_PHASE_STRIP = NO;
				DEBUG_INFORMATION_FORMAT = dwarf;
				ENABLE_STRICT_OBJC_MSGSEND = YES;
				ENABLE_TESTABILITY = YES;
				GCC_C_LANGUAGE_STANDARD = gnu11;
				GCC_DYNAMIC_NO_PIC = NO;
				GCC_NO_COMMON_BLOCKS = YES;
				GCC_OPTIMIZATION_LEVEL = 0;
				GCC_PREPROCESSOR_DEFINITIONS = (
					"DEBUG=1",
					"$(inherited)",
				);
				GCC_WARN_64_TO_32_BIT_CONVERSION = YES;
				GCC_WARN_ABOUT_RETURN_TYPE = YES_ERROR;
				GCC_WARN_UNDECLARED_SELECTOR = YES;
				GCC_WARN_UNINITIALIZED_AUTOS = YES_AGGRESSIVE;
				GCC_WARN_UNUSED_FUNCTION = YES;
				GCC_WARN_UNUSED_VARIABLE = YES;
				IPHONEOS_DEPLOYMENT_TARGET = 16.1;
				MTL_ENABLE_DEBUG_INFO = INCLUDE_SOURCE;
				MTL_FAST_MATH = YES;
				ONLY_ACTIVE_ARCH = YES;
				SDKROOT = iphoneos;
				SWIFT_ACTIVE_COMPILATION_CONDITIONS = DEBUG;
				SWIFT_OPTIMIZATION_LEVEL = "-Onone";
			};
			name = Debug;
		};
		514FC1D42935F07100118912 /* Release */ = {
			isa = XCBuildConfiguration;
			buildSettings = {
				ALWAYS_SEARCH_USER_PATHS = NO;
				CLANG_ANALYZER_LOCALIZABILITY_NONLOCALIZED = YES;
				CLANG_ANALYZER_NONNULL = YES;
				CLANG_ANALYZER_NUMBER_OBJECT_CONVERSION = YES_AGGRESSIVE;
				CLANG_CXX_LANGUAGE_STANDARD = "gnu++20";
				CLANG_ENABLE_MODULES = YES;
				CLANG_ENABLE_OBJC_ARC = YES;
				CLANG_ENABLE_OBJC_WEAK = YES;
				CLANG_WARN_BLOCK_CAPTURE_AUTORELEASING = YES;
				CLANG_WARN_BOOL_CONVERSION = YES;
				CLANG_WARN_COMMA = YES;
				CLANG_WARN_CONSTANT_CONVERSION = YES;
				CLANG_WARN_DEPRECATED_OBJC_IMPLEMENTATIONS = YES;
				CLANG_WARN_DIRECT_OBJC_ISA_USAGE = YES_ERROR;
				CLANG_WARN_DOCUMENTATION_COMMENTS = YES;
				CLANG_WARN_EMPTY_BODY = YES;
				CLANG_WARN_ENUM_CONVERSION = YES;
				CLANG_WARN_INFINITE_RECURSION = YES;
				CLANG_WARN_INT_CONVERSION = YES;
				CLANG_WARN_NON_LITERAL_NULL_CONVERSION = YES;
				CLANG_WARN_OBJC_IMPLICIT_RETAIN_SELF = YES;
				CLANG_WARN_OBJC_LITERAL_CONVERSION = YES;
				CLANG_WARN_OBJC_ROOT_CLASS = YES_ERROR;
				CLANG_WARN_QUOTED_INCLUDE_IN_FRAMEWORK_HEADER = YES;
				CLANG_WARN_RANGE_LOOP_ANALYSIS = YES;
				CLANG_WARN_STRICT_PROTOTYPES = YES;
				CLANG_WARN_SUSPICIOUS_MOVE = YES;
				CLANG_WARN_UNGUARDED_AVAILABILITY = YES_AGGRESSIVE;
				CLANG_WARN_UNREACHABLE_CODE = YES;
				CLANG_WARN__DUPLICATE_METHOD_MATCH = YES;
				COPY_PHASE_STRIP = NO;
				DEBUG_INFORMATION_FORMAT = "dwarf-with-dsym";
				ENABLE_NS_ASSERTIONS = NO;
				ENABLE_STRICT_OBJC_MSGSEND = YES;
				GCC_C_LANGUAGE_STANDARD = gnu11;
				GCC_NO_COMMON_BLOCKS = YES;
				GCC_WARN_64_TO_32_BIT_CONVERSION = YES;
				GCC_WARN_ABOUT_RETURN_TYPE = YES_ERROR;
				GCC_WARN_UNDECLARED_SELECTOR = YES;
				GCC_WARN_UNINITIALIZED_AUTOS = YES_AGGRESSIVE;
				GCC_WARN_UNUSED_FUNCTION = YES;
				GCC_WARN_UNUSED_VARIABLE = YES;
				IPHONEOS_DEPLOYMENT_TARGET = 16.1;
				MTL_ENABLE_DEBUG_INFO = NO;
				MTL_FAST_MATH = YES;
				SDKROOT = iphoneos;
				SWIFT_COMPILATION_MODE = wholemodule;
				SWIFT_OPTIMIZATION_LEVEL = "-O";
				VALIDATE_PRODUCT = YES;
			};
			name = Release;
		};
		514FC1D62935F07100118912 /* Debug */ = {
			isa = XCBuildConfiguration;
			buildSettings = {
				ASSETCATALOG_COMPILER_APPICON_NAME = AppIcon;
				ASSETCATALOG_COMPILER_GLOBAL_ACCENT_COLOR_NAME = AccentColor;
				CODE_SIGN_STYLE = Automatic;
				CURRENT_PROJECT_VERSION = 1;
				DEVELOPMENT_TEAM = SQ4VJ58ARJ;
				GENERATE_INFOPLIST_FILE = YES;
				INFOPLIST_FILE = ESRefractionExamSetup/Info.plist;
				INFOPLIST_KEY_NSCameraUsageDescription = "To perform the exam the app needs camera access";
				INFOPLIST_KEY_UIApplicationSupportsIndirectInputEvents = YES;
				INFOPLIST_KEY_UILaunchStoryboardName = LaunchScreen.storyboard;
				INFOPLIST_KEY_UIMainStoryboardFile = Main;
				INFOPLIST_KEY_UIStatusBarStyle = "";
				INFOPLIST_KEY_UISupportedInterfaceOrientations = UIInterfaceOrientationPortrait;
				INFOPLIST_KEY_UISupportedInterfaceOrientations_iPad = "UIInterfaceOrientationLandscapeLeft UIInterfaceOrientationLandscapeRight UIInterfaceOrientationPortrait UIInterfaceOrientationPortraitUpsideDown";
				IPHONEOS_DEPLOYMENT_TARGET = 15.0;
				LD_RUNPATH_SEARCH_PATHS = (
					"$(inherited)",
					"@executable_path/Frameworks",
				);
				MARKETING_VERSION = 1.0;
				PRODUCT_BUNDLE_IDENTIFIER = com.elenaSlovushch.ESRefractionExamSetup;
				PRODUCT_NAME = "$(TARGET_NAME)";
				SUPPORTED_PLATFORMS = "iphoneos iphonesimulator";
				SUPPORTS_MACCATALYST = NO;
				SUPPORTS_MAC_DESIGNED_FOR_IPHONE_IPAD = NO;
				SWIFT_EMIT_LOC_STRINGS = YES;
				SWIFT_VERSION = 5.0;
				TARGETED_DEVICE_FAMILY = 1;
			};
			name = Debug;
		};
		514FC1D72935F07100118912 /* Release */ = {
			isa = XCBuildConfiguration;
			buildSettings = {
				ASSETCATALOG_COMPILER_APPICON_NAME = AppIcon;
				ASSETCATALOG_COMPILER_GLOBAL_ACCENT_COLOR_NAME = AccentColor;
				CODE_SIGN_STYLE = Automatic;
				CURRENT_PROJECT_VERSION = 1;
				DEVELOPMENT_TEAM = SQ4VJ58ARJ;
				GENERATE_INFOPLIST_FILE = YES;
				INFOPLIST_FILE = ESRefractionExamSetup/Info.plist;
				INFOPLIST_KEY_NSCameraUsageDescription = "To perform the exam the app needs camera access";
				INFOPLIST_KEY_UIApplicationSupportsIndirectInputEvents = YES;
				INFOPLIST_KEY_UILaunchStoryboardName = LaunchScreen.storyboard;
				INFOPLIST_KEY_UIMainStoryboardFile = Main;
				INFOPLIST_KEY_UIStatusBarStyle = "";
				INFOPLIST_KEY_UISupportedInterfaceOrientations = UIInterfaceOrientationPortrait;
				INFOPLIST_KEY_UISupportedInterfaceOrientations_iPad = "UIInterfaceOrientationLandscapeLeft UIInterfaceOrientationLandscapeRight UIInterfaceOrientationPortrait UIInterfaceOrientationPortraitUpsideDown";
				IPHONEOS_DEPLOYMENT_TARGET = 15.0;
				LD_RUNPATH_SEARCH_PATHS = (
					"$(inherited)",
					"@executable_path/Frameworks",
				);
				MARKETING_VERSION = 1.0;
				PRODUCT_BUNDLE_IDENTIFIER = com.elenaSlovushch.ESRefractionExamSetup;
				PRODUCT_NAME = "$(TARGET_NAME)";
				SUPPORTED_PLATFORMS = "iphoneos iphonesimulator";
				SUPPORTS_MACCATALYST = NO;
				SUPPORTS_MAC_DESIGNED_FOR_IPHONE_IPAD = NO;
				SWIFT_EMIT_LOC_STRINGS = YES;
				SWIFT_VERSION = 5.0;
				TARGETED_DEVICE_FAMILY = 1;
			};
			name = Release;
		};
		514FC1E329360A9F00118912 /* Debug */ = {
			isa = XCBuildConfiguration;
			buildSettings = {
				BUNDLE_LOADER = "$(TEST_HOST)";
				CODE_SIGN_STYLE = Automatic;
				CURRENT_PROJECT_VERSION = 1;
				DEVELOPMENT_TEAM = SQ4VJ58ARJ;
				GENERATE_INFOPLIST_FILE = YES;
				MARKETING_VERSION = 1.0;
				PRODUCT_BUNDLE_IDENTIFIER = com.elenaSlovushch.ESRefractionExamSetupTests;
				PRODUCT_NAME = "$(TARGET_NAME)";
				SWIFT_EMIT_LOC_STRINGS = NO;
				SWIFT_VERSION = 5.0;
				TARGETED_DEVICE_FAMILY = "1,2";
				TEST_HOST = "$(BUILT_PRODUCTS_DIR)/ESRefractionExamSetup.app/$(BUNDLE_EXECUTABLE_FOLDER_PATH)/ESRefractionExamSetup";
			};
			name = Debug;
		};
		514FC1E429360A9F00118912 /* Release */ = {
			isa = XCBuildConfiguration;
			buildSettings = {
				BUNDLE_LOADER = "$(TEST_HOST)";
				CODE_SIGN_STYLE = Automatic;
				CURRENT_PROJECT_VERSION = 1;
				DEVELOPMENT_TEAM = SQ4VJ58ARJ;
				GENERATE_INFOPLIST_FILE = YES;
				MARKETING_VERSION = 1.0;
				PRODUCT_BUNDLE_IDENTIFIER = com.elenaSlovushch.ESRefractionExamSetupTests;
				PRODUCT_NAME = "$(TARGET_NAME)";
				SWIFT_EMIT_LOC_STRINGS = NO;
				SWIFT_VERSION = 5.0;
				TARGETED_DEVICE_FAMILY = "1,2";
				TEST_HOST = "$(BUILT_PRODUCTS_DIR)/ESRefractionExamSetup.app/$(BUNDLE_EXECUTABLE_FOLDER_PATH)/ESRefractionExamSetup";
			};
			name = Release;
		};
		514FC1F229360AAB00118912 /* Debug */ = {
			isa = XCBuildConfiguration;
			buildSettings = {
				CODE_SIGN_STYLE = Automatic;
				CURRENT_PROJECT_VERSION = 1;
				DEVELOPMENT_TEAM = SQ4VJ58ARJ;
				GENERATE_INFOPLIST_FILE = YES;
				MARKETING_VERSION = 1.0;
				PRODUCT_BUNDLE_IDENTIFIER = com.elenaSlovushch.ESRefractionExamSetupUITests;
				PRODUCT_NAME = "$(TARGET_NAME)";
				SWIFT_EMIT_LOC_STRINGS = NO;
				SWIFT_VERSION = 5.0;
				TARGETED_DEVICE_FAMILY = "1,2";
				TEST_TARGET_NAME = ESRefractionExamSetup;
			};
			name = Debug;
		};
		514FC1F329360AAB00118912 /* Release */ = {
			isa = XCBuildConfiguration;
			buildSettings = {
				CODE_SIGN_STYLE = Automatic;
				CURRENT_PROJECT_VERSION = 1;
				DEVELOPMENT_TEAM = SQ4VJ58ARJ;
				GENERATE_INFOPLIST_FILE = YES;
				MARKETING_VERSION = 1.0;
				PRODUCT_BUNDLE_IDENTIFIER = com.elenaSlovushch.ESRefractionExamSetupUITests;
				PRODUCT_NAME = "$(TARGET_NAME)";
				SWIFT_EMIT_LOC_STRINGS = NO;
				SWIFT_VERSION = 5.0;
				TARGETED_DEVICE_FAMILY = "1,2";
				TEST_TARGET_NAME = ESRefractionExamSetup;
			};
			name = Release;
		};
/* End XCBuildConfiguration section */

/* Begin XCConfigurationList section */
		514FC1BC2935F06F00118912 /* Build configuration list for PBXProject "ESRefractionExamSetup" */ = {
			isa = XCConfigurationList;
			buildConfigurations = (
				514FC1D32935F07100118912 /* Debug */,
				514FC1D42935F07100118912 /* Release */,
			);
			defaultConfigurationIsVisible = 0;
			defaultConfigurationName = Release;
		};
		514FC1D52935F07100118912 /* Build configuration list for PBXNativeTarget "ESRefractionExamSetup" */ = {
			isa = XCConfigurationList;
			buildConfigurations = (
				514FC1D62935F07100118912 /* Debug */,
				514FC1D72935F07100118912 /* Release */,
			);
			defaultConfigurationIsVisible = 0;
			defaultConfigurationName = Release;
		};
		514FC1E229360A9F00118912 /* Build configuration list for PBXNativeTarget "ESRefractionExamSetupTests" */ = {
			isa = XCConfigurationList;
			buildConfigurations = (
				514FC1E329360A9F00118912 /* Debug */,
				514FC1E429360A9F00118912 /* Release */,
			);
			defaultConfigurationIsVisible = 0;
			defaultConfigurationName = Release;
		};
		514FC1F129360AAB00118912 /* Build configuration list for PBXNativeTarget "ESRefractionExamSetupUITests" */ = {
			isa = XCConfigurationList;
			buildConfigurations = (
				514FC1F229360AAB00118912 /* Debug */,
				514FC1F329360AAB00118912 /* Release */,
			);
			defaultConfigurationIsVisible = 0;
			defaultConfigurationName = Release;
		};
/* End XCConfigurationList section */
	};
	rootObject = 514FC1B92935F06F00118912 /* Project object */;
}
